
Microsoft Visual Studio Solution File, Format Version 12.00
# Visual Studio Version 17
VisualStudioVersion = 17.14.36518.9
MinimumVisualStudioVersion = 10.0.40219.1
Project("{FAE04EC0-301F-11D3-BF4B-00C04F79EFBC}") = "PublisherDemo", "PublisherDemo\PublisherDemo.csproj", "{533BEC44-BD79-403F-8111-9139557CD274}"
EndProject
Project("{2150E333-8FDC-42A3-9474-1A3956D46DE8}") = "Solution Items", "Solution Items", "{8EC462FD-D22E-90A8-E5CE-7E832BA40C5D}"
	ProjectSection(SolutionItems) = preProject
		.env = .env
		config.json = config.json
		docker-compose.yaml = docker-compose.yaml
		datasource.yaml = datasource.yaml
		grafana-dashboard.json = grafana-dashboard.json
		prometheus.yaml = prometheus.yaml
		Queries.sql = Queries.sql
		ReadMe.md = ReadMe.md
	EndProjectSection
EndProject
Project("{FAE04EC0-301F-11D3-BF4B-00C04F79EFBC}") = "SubscriberDemo", "SubscriberDemo\SubscriberDemo.csproj", "{38B7BDD1-F843-4C4E-B5D4-CFDA742531C3}"
EndProject
Project("{FAE04EC0-301F-11D3-BF4B-00C04F79EFBC}") = "DiagnosticTool", "DiagnosticTool\DiagnosticTool.csproj", "{71D22E14-6786-4F24-B910-914C71E8D5F9}"
EndProject
Project("{FAE04EC0-301F-11D3-BF4B-00C04F79EFBC}") = "OrderPublisher", "OrderPublisher\OrderPublisher.csproj", "{D8977F5C-066D-417A-8488-FAD314AEACE8}"
EndProject
Project("{FAE04EC0-301F-11D3-BF4B-00C04F79EFBC}") = "OrderProcessingDemo.Models", "OrderProcessingDemo.Models\OrderProcessingDemo.Models.csproj", "{0EB4B407-6262-0A7D-E6EC-9ED6CB766E39}"
EndProject
Project("{FAE04EC0-301F-11D3-BF4B-00C04F79EFBC}") = "OrderSubscriberTopic.1", "OrderSubscriberTopic.1\OrderSubscriberTopic.1.csproj", "{C46D3914-FD02-433A-B201-C0120172C279}"
EndProject
Project("{FAE04EC0-301F-11D3-BF4B-00C04F79EFBC}") = "MessageResetDemo", "MessageResetDemo\MessageResetDemo.csproj", "{B5D7BD2E-82EC-45DA-B929-C7A7B6CF41CB}"
EndProject
Project("{FAE04EC0-301F-11D3-BF4B-00C04F79EFBC}") = "OrderSubscriberQueue.1", "OrderSubscriberQueue.1\OrderSubscriberQueue.1.csproj", "{A2822D1D-A27D-47B3-A8A4-6C5F042EB7A9}"
EndProject
Global
	GlobalSection(SolutionConfigurationPlatforms) = preSolution
		Debug|Any CPU = Debug|Any CPU
		Release|Any CPU = Release|Any CPU
	EndGlobalSection
	GlobalSection(ProjectConfigurationPlatforms) = postSolution
		{533BEC44-BD79-403F-8111-9139557CD274}.Debug|Any CPU.ActiveCfg = Debug|Any CPU
		{533BEC44-BD79-403F-8111-9139557CD274}.Debug|Any CPU.Build.0 = Debug|Any CPU
		{533BEC44-BD79-403F-8111-9139557CD274}.Release|Any CPU.ActiveCfg = Release|Any CPU
		{533BEC44-BD79-403F-8111-9139557CD274}.Release|Any CPU.Build.0 = Release|Any CPU
		{38B7BDD1-F843-4C4E-B5D4-CFDA742531C3}.Debug|Any CPU.ActiveCfg = Debug|Any CPU
		{38B7BDD1-F843-4C4E-B5D4-CFDA742531C3}.Debug|Any CPU.Build.0 = Debug|Any CPU
		{38B7BDD1-F843-4C4E-B5D4-CFDA742531C3}.Release|Any CPU.ActiveCfg = Release|Any CPU
		{38B7BDD1-F843-4C4E-B5D4-CFDA742531C3}.Release|Any CPU.Build.0 = Release|Any CPU
		{71D22E14-6786-4F24-B910-914C71E8D5F9}.Debug|Any CPU.ActiveCfg = Debug|Any CPU
		{71D22E14-6786-4F24-B910-914C71E8D5F9}.Debug|Any CPU.Build.0 = Debug|Any CPU
		{71D22E14-6786-4F24-B910-914C71E8D5F9}.Release|Any CPU.ActiveCfg = Release|Any CPU
		{71D22E14-6786-4F24-B910-914C71E8D5F9}.Release|Any CPU.Build.0 = Release|Any CPU
		{D8977F5C-066D-417A-8488-FAD314AEACE8}.Debug|Any CPU.ActiveCfg = Debug|Any CPU
		{D8977F5C-066D-417A-8488-FAD314AEACE8}.Debug|Any CPU.Build.0 = Debug|Any CPU
		{D8977F5C-066D-417A-8488-FAD314AEACE8}.Release|Any CPU.ActiveCfg = Release|Any CPU
		{D8977F5C-066D-417A-8488-FAD314AEACE8}.Release|Any CPU.Build.0 = Release|Any CPU
		{0EB4B407-6262-0A7D-E6EC-9ED6CB766E39}.Debug|Any CPU.ActiveCfg = Debug|Any CPU
		{0EB4B407-6262-0A7D-E6EC-9ED6CB766E39}.Debug|Any CPU.Build.0 = Debug|Any CPU
		{0EB4B407-6262-0A7D-E6EC-9ED6CB766E39}.Release|Any CPU.ActiveCfg = Release|Any CPU
		{0EB4B407-6262-0A7D-E6EC-9ED6CB766E39}.Release|Any CPU.Build.0 = Release|Any CPU
		{C46D3914-FD02-433A-B201-C0120172C279}.Debug|Any CPU.ActiveCfg = Debug|Any CPU
		{C46D3914-FD02-433A-B201-C0120172C279}.Debug|Any CPU.Build.0 = Debug|Any CPU
		{C46D3914-FD02-433A-B201-C0120172C279}.Release|Any CPU.ActiveCfg = Release|Any CPU
		{C46D3914-FD02-433A-B201-C0120172C279}.Release|Any CPU.Build.0 = Release|Any CPU
		{B5D7BD2E-82EC-45DA-B929-C7A7B6CF41CB}.Debug|Any CPU.ActiveCfg = Debug|Any CPU
		{B5D7BD2E-82EC-45DA-B929-C7A7B6CF41CB}.Debug|Any CPU.Build.0 = Debug|Any CPU
		{B5D7BD2E-82EC-45DA-B929-C7A7B6CF41CB}.Release|Any CPU.ActiveCfg = Release|Any CPU
		{B5D7BD2E-82EC-45DA-B929-C7A7B6CF41CB}.Release|Any CPU.Build.0 = Release|Any CPU
		{A2822D1D-A27D-47B3-A8A4-6C5F042EB7A9}.Debug|Any CPU.ActiveCfg = Debug|Any CPU
		{A2822D1D-A27D-47B3-A8A4-6C5F042EB7A9}.Debug|Any CPU.Build.0 = Debug|Any CPU
		{A2822D1D-A27D-47B3-A8A4-6C5F042EB7A9}.Release|Any CPU.ActiveCfg = Release|Any CPU
		{A2822D1D-A27D-47B3-A8A4-6C5F042EB7A9}.Release|Any CPU.Build.0 = Release|Any CPU
	EndGlobalSection
	GlobalSection(SolutionProperties) = preSolution
		HideSolutionNode = FALSE
	EndGlobalSection
	GlobalSection(ExtensibilityGlobals) = postSolution
		SolutionGuid = {59F8BBDC-87E0-4329-94B8-FBBE49D8C4A9}
	EndGlobalSection
EndGlobal
